
Microsoft Visual Studio Solution File, Format Version 12.00
# Visual Studio Version 16
VisualStudioVersion = 16.0.29613.14
MinimumVisualStudioVersion = 10.0.40219.1
Project("{FAE04EC0-301F-11D3-BF4B-00C04F79EFBC}") = "PkgConfigFake", "PkgConfigFake.csproj", "{3499007B-35FB-4872-827B-84DD7AEE1131}"
EndProject
Global
	GlobalSection(SolutionConfigurationPlatforms) = preSolution
		Debug|Any CPU = Debug|Any CPU
		Release|Any CPU = Release|Any CPU
	EndGlobalSection
	GlobalSection(ProjectConfigurationPlatforms) = postSolution
		{3499007B-35FB-4872-827B-84DD7AEE1131}.Debug|Any CPU.ActiveCfg = Debug|Any CPU
		{3499007B-35FB-4872-827B-84DD7AEE1131}.Debug|Any CPU.Build.0 = Debug|Any CPU
		{3499007B-35FB-4872-827B-84DD7AEE1131}.Release|Any CPU.ActiveCfg = Release|Any CPU
		{3499007B-35FB-4872-827B-84DD7AEE1131}.Release|Any CPU.Build.0 = Release|Any CPU
	EndGlobalSection
	GlobalSection(SolutionProperties) = preSolution
		HideSolutionNode = FALSE
	EndGlobalSection
	GlobalSection(ExtensibilityGlobals) = postSolution
		SolutionGuid = {FBB97F3C-FFBA-488F-A46A-58D027B66C57}
	EndGlobalSection
EndGlobal
